
Microsoft Visual Studio Solution File, Format Version 12.00
# Visual Studio Version 17
VisualStudioVersion = 17.13.35931.197
MinimumVisualStudioVersion = 10.0.40219.1
Project("{F2A71F9B-5D33-465A-A702-920D77279786}") = "Orion.Lang", "Orion.Lang\Orion.Lang.fsproj", "{BEF97525-BA52-4433-98C4-2D088C149AAE}"
EndProject
Project("{FAE04EC0-301F-11D3-BF4B-00C04F79EFBC}") = "Orion", "Orion\Orion.csproj", "{577CF22C-BF3A-49B8-9CEA-569F435B7FE7}"
EndProject
Project("{FAE04EC0-301F-11D3-BF4B-00C04F79EFBC}") = "Orion.Tests", "Orion.Tests\Orion.Tests.csproj", "{C2840343-50B3-4349-84D5-C51FFDCA4925}"
EndProject
Global
	GlobalSection(SolutionConfigurationPlatforms) = preSolution
		Debug|Any CPU = Debug|Any CPU
		Release|Any CPU = Release|Any CPU
	EndGlobalSection
	GlobalSection(ProjectConfigurationPlatforms) = postSolution
		{BEF97525-BA52-4433-98C4-2D088C149AAE}.Debug|Any CPU.ActiveCfg = Debug|Any CPU
		{BEF97525-BA52-4433-98C4-2D088C149AAE}.Debug|Any CPU.Build.0 = Debug|Any CPU
		{BEF97525-BA52-4433-98C4-2D088C149AAE}.Release|Any CPU.ActiveCfg = Release|Any CPU
		{BEF97525-BA52-4433-98C4-2D088C149AAE}.Release|Any CPU.Build.0 = Release|Any CPU
		{577CF22C-BF3A-49B8-9CEA-569F435B7FE7}.Debug|Any CPU.ActiveCfg = Debug|Any CPU
		{577CF22C-BF3A-49B8-9CEA-569F435B7FE7}.Debug|Any CPU.Build.0 = Debug|Any CPU
		{577CF22C-BF3A-49B8-9CEA-569F435B7FE7}.Release|Any CPU.ActiveCfg = Release|Any CPU
		{577CF22C-BF3A-49B8-9CEA-569F435B7FE7}.Release|Any CPU.Build.0 = Release|Any CPU
		{C2840343-50B3-4349-84D5-C51FFDCA4925}.Debug|Any CPU.ActiveCfg = Debug|Any CPU
		{C2840343-50B3-4349-84D5-C51FFDCA4925}.Debug|Any CPU.Build.0 = Debug|Any CPU
		{C2840343-50B3-4349-84D5-C51FFDCA4925}.Release|Any CPU.ActiveCfg = Release|Any CPU
		{C2840343-50B3-4349-84D5-C51FFDCA4925}.Release|Any CPU.Build.0 = Release|Any CPU
	EndGlobalSection
	GlobalSection(SolutionProperties) = preSolution
		HideSolutionNode = FALSE
	EndGlobalSection
	GlobalSection(ExtensibilityGlobals) = postSolution
		SolutionGuid = {80A9B750-67BC-423E-A7F6-4623081D4335}
	EndGlobalSection
EndGlobal
